Microsoft Visual Studio Solution File, Format Version 12.00
# Visual Studio Version 17
VisualStudioVersion = 17.5.2.0
MinimumVisualStudioVersion = 10.0.40219.1
Project("{FAE04EC0-301F-11D3-BF4B-00C04F79EFBC}") = "pr_lab3", "pr_lab3.csproj", "{085EB7A3-BB00-C8BF-1AEC-3322EB9E13A6}"
EndProject
Global
	GlobalSection(SolutionConfigurationPlatforms) = preSolution
		Debug|Any CPU = Debug|Any CPU
		Release|Any CPU = Release|Any CPU
	EndGlobalSection
	GlobalSection(ProjectConfigurationPlatforms) = postSolution
		{085EB7A3-BB00-C8BF-1AEC-3322EB9E13A6}.Debug|Any CPU.ActiveCfg = Debug|Any CPU
		{085EB7A3-BB00-C8BF-1AEC-3322EB9E13A6}.Debug|Any CPU.Build.0 = Debug|Any CPU
		{085EB7A3-BB00-C8BF-1AEC-3322EB9E13A6}.Release|Any CPU.ActiveCfg = Release|Any CPU
		{085EB7A3-BB00-C8BF-1AEC-3322EB9E13A6}.Release|Any CPU.Build.0 = Release|Any CPU
	EndGlobalSection
	GlobalSection(SolutionProperties) = preSolution
		HideSolutionNode = FALSE
	EndGlobalSection
	GlobalSection(ExtensibilityGlobals) = postSolution
		SolutionGuid = {77786C00-1C33-4276-9231-84F0081DF7E1}
	EndGlobalSection
EndGlobal
